
Microsoft Visual Studio Solution File, Format Version 12.00
# Visual Studio 14
VisualStudioVersion = 14.0.25420.1
MinimumVisualStudioVersion = 10.0.40219.1
Project("{8BC9CEB8-8B4A-11D0-8D11-00A0C91BC942}") = "rndTestVC_x86", "rndTestVC_x86.vcxproj", "{BB3F3A1D-35DD-46AE-A3BA-BAB637037141}"
	ProjectSection(ProjectDependencies) = postProject
		{2D40CA7F-018F-40A7-A738-89E0A64F4237} = {2D40CA7F-018F-40A7-A738-89E0A64F4237}
		{75556CA1-AF67-4BD2-A313-53A883AAF95D} = {75556CA1-AF67-4BD2-A313-53A883AAF95D}
		{AC3432C6-CF24-4C5F-965A-6D5C6E823AEE} = {AC3432C6-CF24-4C5F-965A-6D5C6E823AEE}
		{299BABDD-87D4-46FF-8482-A093657AA2D2} = {299BABDD-87D4-46FF-8482-A093657AA2D2}
		{A73DD8E0-852B-4B6C-A619-1C2482C46679} = {A73DD8E0-852B-4B6C-A619-1C2482C46679}
	EndProjectSection
EndProject
Project("{8BC9CEB8-8B4A-11D0-8D11-00A0C91BC942}") = "libgame", "..\libgame\libgame.vcxproj", "{AC3432C6-CF24-4C5F-965A-6D5C6E823AEE}"
EndProject
Project("{8BC9CEB8-8B4A-11D0-8D11-00A0C91BC942}") = "game_em", "..\game_em\game_em.vcxproj", "{299BABDD-87D4-46FF-8482-A093657AA2D2}"
EndProject
Project("{8BC9CEB8-8B4A-11D0-8D11-00A0C91BC942}") = "game_mm", "..\game_mm\game_mm.vcxproj", "{75556CA1-AF67-4BD2-A313-53A883AAF95D}"
EndProject
Project("{8BC9CEB8-8B4A-11D0-8D11-00A0C91BC942}") = "game_sp", "..\game_sp\game_sp.vcxproj", "{2D40CA7F-018F-40A7-A738-89E0A64F4237}"
EndProject
Project("{8BC9CEB8-8B4A-11D0-8D11-00A0C91BC942}") = "rocksndiamonds", "..\rocksndiamonds\rocksndiamonds.vcxproj", "{A73DD8E0-852B-4B6C-A619-1C2482C46679}"
	ProjectSection(ProjectDependencies) = postProject
		{2D40CA7F-018F-40A7-A738-89E0A64F4237} = {2D40CA7F-018F-40A7-A738-89E0A64F4237}
		{75556CA1-AF67-4BD2-A313-53A883AAF95D} = {75556CA1-AF67-4BD2-A313-53A883AAF95D}
		{AC3432C6-CF24-4C5F-965A-6D5C6E823AEE} = {AC3432C6-CF24-4C5F-965A-6D5C6E823AEE}
		{299BABDD-87D4-46FF-8482-A093657AA2D2} = {299BABDD-87D4-46FF-8482-A093657AA2D2}
	EndProjectSection
EndProject
Global
	GlobalSection(SolutionConfigurationPlatforms) = preSolution
		Debug|x64 = Debug|x64
		Debug|x86 = Debug|x86
		Release|x64 = Release|x64
		Release|x86 = Release|x86
	EndGlobalSection
	GlobalSection(ProjectConfigurationPlatforms) = postSolution
		{BB3F3A1D-35DD-46AE-A3BA-BAB637037141}.Debug|x64.ActiveCfg = Debug|x64
		{BB3F3A1D-35DD-46AE-A3BA-BAB637037141}.Debug|x64.Build.0 = Debug|x64
		{BB3F3A1D-35DD-46AE-A3BA-BAB637037141}.Debug|x86.ActiveCfg = Debug|Win32
		{BB3F3A1D-35DD-46AE-A3BA-BAB637037141}.Debug|x86.Build.0 = Debug|Win32
		{BB3F3A1D-35DD-46AE-A3BA-BAB637037141}.Release|x64.ActiveCfg = Release|x64
		{BB3F3A1D-35DD-46AE-A3BA-BAB637037141}.Release|x64.Build.0 = Release|x64
		{BB3F3A1D-35DD-46AE-A3BA-BAB637037141}.Release|x86.ActiveCfg = Release|Win32
		{BB3F3A1D-35DD-46AE-A3BA-BAB637037141}.Release|x86.Build.0 = Release|Win32
		{AC3432C6-CF24-4C5F-965A-6D5C6E823AEE}.Debug|x64.ActiveCfg = Debug|x64
		{AC3432C6-CF24-4C5F-965A-6D5C6E823AEE}.Debug|x64.Build.0 = Debug|x64
		{AC3432C6-CF24-4C5F-965A-6D5C6E823AEE}.Debug|x86.ActiveCfg = Debug|Win32
		{AC3432C6-CF24-4C5F-965A-6D5C6E823AEE}.Debug|x86.Build.0 = Debug|Win32
		{AC3432C6-CF24-4C5F-965A-6D5C6E823AEE}.Release|x64.ActiveCfg = Release|x64
		{AC3432C6-CF24-4C5F-965A-6D5C6E823AEE}.Release|x64.Build.0 = Release|x64
		{AC3432C6-CF24-4C5F-965A-6D5C6E823AEE}.Release|x86.ActiveCfg = Release|Win32
		{AC3432C6-CF24-4C5F-965A-6D5C6E823AEE}.Release|x86.Build.0 = Release|Win32
		{299BABDD-87D4-46FF-8482-A093657AA2D2}.Debug|x64.ActiveCfg = Debug|x64
		{299BABDD-87D4-46FF-8482-A093657AA2D2}.Debug|x64.Build.0 = Debug|x64
		{299BABDD-87D4-46FF-8482-A093657AA2D2}.Debug|x86.ActiveCfg = Debug|Win32
		{299BABDD-87D4-46FF-8482-A093657AA2D2}.Debug|x86.Build.0 = Debug|Win32
		{299BABDD-87D4-46FF-8482-A093657AA2D2}.Release|x64.ActiveCfg = Release|x64
		{299BABDD-87D4-46FF-8482-A093657AA2D2}.Release|x64.Build.0 = Release|x64
		{299BABDD-87D4-46FF-8482-A093657AA2D2}.Release|x86.ActiveCfg = Release|Win32
		{299BABDD-87D4-46FF-8482-A093657AA2D2}.Release|x86.Build.0 = Release|Win32
		{75556CA1-AF67-4BD2-A313-53A883AAF95D}.Debug|x64.ActiveCfg = Debug|x64
		{75556CA1-AF67-4BD2-A313-53A883AAF95D}.Debug|x64.Build.0 = Debug|x64
		{75556CA1-AF67-4BD2-A313-53A883AAF95D}.Debug|x86.ActiveCfg = Debug|Win32
		{75556CA1-AF67-4BD2-A313-53A883AAF95D}.Debug|x86.Build.0 = Debug|Win32
		{75556CA1-AF67-4BD2-A313-53A883AAF95D}.Release|x64.ActiveCfg = Release|x64
		{75556CA1-AF67-4BD2-A313-53A883AAF95D}.Release|x64.Build.0 = Release|x64
		{75556CA1-AF67-4BD2-A313-53A883AAF95D}.Release|x86.ActiveCfg = Release|Win32
		{75556CA1-AF67-4BD2-A313-53A883AAF95D}.Release|x86.Build.0 = Release|Win32
		{2D40CA7F-018F-40A7-A738-89E0A64F4237}.Debug|x64.ActiveCfg = Debug|x64
		{2D40CA7F-018F-40A7-A738-89E0A64F4237}.Debug|x64.Build.0 = Debug|x64
		{2D40CA7F-018F-40A7-A738-89E0A64F4237}.Debug|x86.ActiveCfg = Debug|Win32
		{2D40CA7F-018F-40A7-A738-89E0A64F4237}.Debug|x86.Build.0 = Debug|Win32
		{2D40CA7F-018F-40A7-A738-89E0A64F4237}.Release|x64.ActiveCfg = Release|x64
		{2D40CA7F-018F-40A7-A738-89E0A64F4237}.Release|x64.Build.0 = Release|x64
		{2D40CA7F-018F-40A7-A738-89E0A64F4237}.Release|x86.ActiveCfg = Release|Win32
		{2D40CA7F-018F-40A7-A738-89E0A64F4237}.Release|x86.Build.0 = Release|Win32
		{A73DD8E0-852B-4B6C-A619-1C2482C46679}.Debug|x64.ActiveCfg = Debug|x64
		{A73DD8E0-852B-4B6C-A619-1C2482C46679}.Debug|x64.Build.0 = Debug|x64
		{A73DD8E0-852B-4B6C-A619-1C2482C46679}.Debug|x86.ActiveCfg = Debug|Win32
		{A73DD8E0-852B-4B6C-A619-1C2482C46679}.Debug|x86.Build.0 = Debug|Win32
		{A73DD8E0-852B-4B6C-A619-1C2482C46679}.Release|x64.ActiveCfg = Release|x64
		{A73DD8E0-852B-4B6C-A619-1C2482C46679}.Release|x64.Build.0 = Release|x64
		{A73DD8E0-852B-4B6C-A619-1C2482C46679}.Release|x86.ActiveCfg = Release|Win32
		{A73DD8E0-852B-4B6C-A619-1C2482C46679}.Release|x86.Build.0 = Release|Win32
	EndGlobalSection
	GlobalSection(SolutionProperties) = preSolution
		HideSolutionNode = FALSE
	EndGlobalSection
EndGlobal
