<?xml version="1.0" encoding="UTF-8" standalone="yes" ?>
<CodeBlocks_project_file>
	<FileVersion major="1" minor="6" />
	<Project>
		<Option title="game_sp" />
		<Option pch_mode="2" />
		<Option compiler="gcc" />
		<Build>
			<Target title="Debug Win32">
				<Option output="../rndTestVC_x86/Debug/game_sp" prefix_auto="1" extension_auto="1" />
				<Option working_dir="" />
				<Option object_output="Debug/" />
				<Option deps_output="../rndTestVC_x86/Debug/" />
				<Option type="2" />
				<Option compiler="gcc" />
				<Option createDefFile="1" />
				<Compiler>
					<Add option="-g" />
					<Add option="-D_USE_32BIT_TIME_T" />
					<Add option="-D_CRT_SECURE_NO_WARNINGS" />
					<Add option="-DVISUAL_CPP" />
					<Add option="-DTARGET_SDL2" />
					<Add option="-DWIN32" />
					<Add option="-D_DEBUG" />
					<Add option="-D_LIB" />
					<Add option="-D_MBCS" />
					<Add option="-O0" />
					<Add option="-Wall" />
					<Add directory="P:/runtime/SDL/current/include/" />
				</Compiler>
			</Target>
			<Target title="Debug x64">
				<Option output="../rndTestVC_x86/Debug/game_sp" prefix_auto="1" extension_auto="1" />
				<Option working_dir="" />
				<Option object_output="Debug/" />
				<Option deps_output="../rndTestVC_x86/Debug/" />
				<Option type="2" />
				<Option compiler="gcc" />
				<Option createDefFile="1" />
				<Compiler>
					<Add option="-g" />
					<Add option="-O0" />
					<Add option="-Wall" />
				</Compiler>
			</Target>
			<Target title="Release x64">
				<Option output="../rndTestVC_x86/Release/game_sp" prefix_auto="1" extension_auto="1" />
				<Option working_dir="" />
				<Option object_output="Release/" />
				<Option deps_output="../rndTestVC_x86/Release/" />
				<Option type="2" />
				<Option compiler="gcc" />
				<Option createDefFile="1" />
				<Compiler>
					<Add option="-O1" />
					<Add option="-Wall" />
				</Compiler>
				<Linker>
					<Add option="-s" />
					<Add library="winmm.lib" />
					<Add library="comctl32.lib" />
					<Add library="kernel32.lib" />
					<Add library="user32.lib" />
					<Add library="gdi32.lib" />
					<Add library="winspool.lib" />
					<Add library="comdlg32.lib" />
					<Add library="advapi32.lib" />
					<Add library="shell32.lib" />
					<Add library="ole32.lib" />
					<Add library="oleaut32.lib" />
					<Add library="uuid.lib" />
					<Add library="odbc32.lib" />
					<Add library="odbccp32.lib" />
				</Linker>
			</Target>
			<Target title="Release Win32">
				<Option output="../rndTestVC_x86/Release/game_sp" prefix_auto="1" extension_auto="1" />
				<Option working_dir="" />
				<Option object_output="Release/" />
				<Option deps_output="../rndTestVC_x86/Release/" />
				<Option type="2" />
				<Option compiler="gcc" />
				<Option createDefFile="1" />
				<Compiler>
					<Add option="-D_USE_32BIT_TIME_T" />
					<Add option="-D_CRT_SECURE_NO_WARNINGS" />
					<Add option="-DVISUAL_CPP" />
					<Add option="-DTARGET_SDL2" />
					<Add option="-DWIN32" />
					<Add option="-D_NDEBUG" />
					<Add option="-D_LIB" />
					<Add option="-D_MBCS" />
					<Add option="-O1" />
					<Add option="-Wall" />
					<Add directory="P:/runtime/SDL/current/include/" />
				</Compiler>
				<Linker>
					<Add option="-s" />
					<Add library="winmm.lib" />
					<Add library="comctl32.lib" />
					<Add library="kernel32.lib" />
					<Add library="user32.lib" />
					<Add library="gdi32.lib" />
					<Add library="winspool.lib" />
					<Add library="comdlg32.lib" />
					<Add library="advapi32.lib" />
					<Add library="shell32.lib" />
					<Add library="ole32.lib" />
					<Add library="oleaut32.lib" />
					<Add library="uuid.lib" />
					<Add library="odbc32.lib" />
					<Add library="odbccp32.lib" />
				</Linker>
			</Target>
		</Build>
		<Unit filename="../../../src/game_sp/ASM.c">
			<Option compilerVar="CC" />
		</Unit>
		<Unit filename="../../../src/game_sp/ASM.h" />
		<Unit filename="../../../src/game_sp/BugsTerminals.c">
			<Option compilerVar="CC" />
		</Unit>
		<Unit filename="../../../src/game_sp/BugsTerminals.h" />
		<Unit filename="../../../src/game_sp/DDScrollBuffer.c">
			<Option compilerVar="CC" />
		</Unit>
		<Unit filename="../../../src/game_sp/DDScrollBuffer.h" />
		<Unit filename="../../../src/game_sp/DDSpriteBuffer.c">
			<Option compilerVar="CC" />
		</Unit>
		<Unit filename="../../../src/game_sp/DDSpriteBuffer.h" />
		<Unit filename="../../../src/game_sp/Display.c">
			<Option compilerVar="CC" />
		</Unit>
		<Unit filename="../../../src/game_sp/Display.h" />
		<Unit filename="../../../src/game_sp/DoGameStuff.c">
			<Option compilerVar="CC" />
		</Unit>
		<Unit filename="../../../src/game_sp/DoGameStuff.h" />
		<Unit filename="../../../src/game_sp/Electrons.c">
			<Option compilerVar="CC" />
		</Unit>
		<Unit filename="../../../src/game_sp/Electrons.h" />
		<Unit filename="../../../src/game_sp/Explosions.c">
			<Option compilerVar="CC" />
		</Unit>
		<Unit filename="../../../src/game_sp/Explosions.h" />
		<Unit filename="../../../src/game_sp/Globals.c">
			<Option compilerVar="CC" />
		</Unit>
		<Unit filename="../../../src/game_sp/Globals.h" />
		<Unit filename="../../../src/game_sp/Infotrons.c">
			<Option compilerVar="CC" />
		</Unit>
		<Unit filename="../../../src/game_sp/Infotrons.h" />
		<Unit filename="../../../src/game_sp/InitGameConditions.c">
			<Option compilerVar="CC" />
		</Unit>
		<Unit filename="../../../src/game_sp/InitGameConditions.h" />
		<Unit filename="../../../src/game_sp/Input.c">
			<Option compilerVar="CC" />
		</Unit>
		<Unit filename="../../../src/game_sp/Input.h" />
		<Unit filename="../../../src/game_sp/MainForm.c">
			<Option compilerVar="CC" />
		</Unit>
		<Unit filename="../../../src/game_sp/MainForm.h" />
		<Unit filename="../../../src/game_sp/MainGameLoop.c">
			<Option compilerVar="CC" />
		</Unit>
		<Unit filename="../../../src/game_sp/MainGameLoop.h" />
		<Unit filename="../../../src/game_sp/Murphy.c">
			<Option compilerVar="CC" />
		</Unit>
		<Unit filename="../../../src/game_sp/Murphy.h" />
		<Unit filename="../../../src/game_sp/OrangeDisk.c">
			<Option compilerVar="CC" />
		</Unit>
		<Unit filename="../../../src/game_sp/OrangeDisk.h" />
		<Unit filename="../../../src/game_sp/SnikSnaks.c">
			<Option compilerVar="CC" />
		</Unit>
		<Unit filename="../../../src/game_sp/SnikSnaks.h" />
		<Unit filename="../../../src/game_sp/Sound.c">
			<Option compilerVar="CC" />
		</Unit>
		<Unit filename="../../../src/game_sp/Sound.h" />
		<Unit filename="../../../src/game_sp/Zonk.c">
			<Option compilerVar="CC" />
		</Unit>
		<Unit filename="../../../src/game_sp/Zonk.h" />
		<Unit filename="../../../src/game_sp/export.h" />
		<Unit filename="../../../src/game_sp/file.c">
			<Option compilerVar="CC" />
		</Unit>
		<Unit filename="../../../src/game_sp/game_sp.h" />
		<Unit filename="../../../src/game_sp/global.h" />
		<Unit filename="../../../src/game_sp/init.c">
			<Option compilerVar="CC" />
		</Unit>
		<Unit filename="../../../src/game_sp/main.c">
			<Option compilerVar="CC" />
		</Unit>
		<Unit filename="../../../src/game_sp/main_sp.h" />
		<Unit filename="../../../src/game_sp/vb_lib.c">
			<Option compilerVar="CC" />
		</Unit>
		<Unit filename="../../../src/game_sp/vb_lib.h" />
		<Extensions>
			<code_completion />
			<envvars />
			<debugger />
		</Extensions>
	</Project>
</CodeBlocks_project_file>
