
Microsoft Visual Studio Solution File, Format Version 12.00
# Visual Studio 15
VisualStudioVersion = 15.0.27703.2035
MinimumVisualStudioVersion = 10.0.40219.1
Project("{8BC9CEB8-8B4A-11D0-8D11-00A0C91BC942}") = "rndTestCLANG_x86", "rndTestCLANG_x86.vcxproj", "{84A89543-4F38-47FB-ACE1-1EF8A5AAF093}"
	ProjectSection(ProjectDependencies) = postProject
		{AEB72F34-7C83-470D-BD13-8DA0C10AD395} = {AEB72F34-7C83-470D-BD13-8DA0C10AD395}
		{1B3B3535-C559-4FE6-ADA8-380A10E54123} = {1B3B3535-C559-4FE6-ADA8-380A10E54123}
		{3093D354-08DC-4CF9-9D2A-CAC9D52ACE37} = {3093D354-08DC-4CF9-9D2A-CAC9D52ACE37}
		{B9768E83-9228-4E8F-AF5D-D17E5DD3E5B0} = {B9768E83-9228-4E8F-AF5D-D17E5DD3E5B0}
		{DA52E7A5-E325-4486-BA35-417546A9E6DF} = {DA52E7A5-E325-4486-BA35-417546A9E6DF}
	EndProjectSection
EndProject
Project("{8BC9CEB8-8B4A-11D0-8D11-00A0C91BC942}") = "libgame", "..\libgame\libgame.vcxproj", "{B9768E83-9228-4E8F-AF5D-D17E5DD3E5B0}"
EndProject
Project("{8BC9CEB8-8B4A-11D0-8D11-00A0C91BC942}") = "game_em", "..\game_em\game_em.vcxproj", "{AEB72F34-7C83-470D-BD13-8DA0C10AD395}"
EndProject
Project("{8BC9CEB8-8B4A-11D0-8D11-00A0C91BC942}") = "game_mm", "..\game_mm\game_mm.vcxproj", "{DA52E7A5-E325-4486-BA35-417546A9E6DF}"
EndProject
Project("{8BC9CEB8-8B4A-11D0-8D11-00A0C91BC942}") = "game_sp", "..\game_sp\game_sp.vcxproj", "{1B3B3535-C559-4FE6-ADA8-380A10E54123}"
EndProject
Project("{8BC9CEB8-8B4A-11D0-8D11-00A0C91BC942}") = "rocksndiamonds", "..\rocksndiamonds\rocksndiamonds.vcxproj", "{3093D354-08DC-4CF9-9D2A-CAC9D52ACE37}"
	ProjectSection(ProjectDependencies) = postProject
		{AEB72F34-7C83-470D-BD13-8DA0C10AD395} = {AEB72F34-7C83-470D-BD13-8DA0C10AD395}
		{1B3B3535-C559-4FE6-ADA8-380A10E54123} = {1B3B3535-C559-4FE6-ADA8-380A10E54123}
		{B9768E83-9228-4E8F-AF5D-D17E5DD3E5B0} = {B9768E83-9228-4E8F-AF5D-D17E5DD3E5B0}
		{DA52E7A5-E325-4486-BA35-417546A9E6DF} = {DA52E7A5-E325-4486-BA35-417546A9E6DF}
	EndProjectSection
EndProject
Global
	GlobalSection(SolutionConfigurationPlatforms) = preSolution
		Debug|x64 = Debug|x64
		Debug|x86 = Debug|x86
		Release|x64 = Release|x64
		Release|x86 = Release|x86
	EndGlobalSection
	GlobalSection(ProjectConfigurationPlatforms) = postSolution
		{84A89543-4F38-47FB-ACE1-1EF8A5AAF093}.Debug|x64.ActiveCfg = Debug|x64
		{84A89543-4F38-47FB-ACE1-1EF8A5AAF093}.Debug|x64.Build.0 = Debug|x64
		{84A89543-4F38-47FB-ACE1-1EF8A5AAF093}.Debug|x86.ActiveCfg = Debug|Win32
		{84A89543-4F38-47FB-ACE1-1EF8A5AAF093}.Debug|x86.Build.0 = Debug|Win32
		{84A89543-4F38-47FB-ACE1-1EF8A5AAF093}.Release|x64.ActiveCfg = Release|x64
		{84A89543-4F38-47FB-ACE1-1EF8A5AAF093}.Release|x64.Build.0 = Release|x64
		{84A89543-4F38-47FB-ACE1-1EF8A5AAF093}.Release|x86.ActiveCfg = Release|Win32
		{84A89543-4F38-47FB-ACE1-1EF8A5AAF093}.Release|x86.Build.0 = Release|Win32
		{B9768E83-9228-4E8F-AF5D-D17E5DD3E5B0}.Debug|x64.ActiveCfg = Debug|x64
		{B9768E83-9228-4E8F-AF5D-D17E5DD3E5B0}.Debug|x64.Build.0 = Debug|x64
		{B9768E83-9228-4E8F-AF5D-D17E5DD3E5B0}.Debug|x86.ActiveCfg = Debug|Win32
		{B9768E83-9228-4E8F-AF5D-D17E5DD3E5B0}.Debug|x86.Build.0 = Debug|Win32
		{B9768E83-9228-4E8F-AF5D-D17E5DD3E5B0}.Release|x64.ActiveCfg = Release|x64
		{B9768E83-9228-4E8F-AF5D-D17E5DD3E5B0}.Release|x64.Build.0 = Release|x64
		{B9768E83-9228-4E8F-AF5D-D17E5DD3E5B0}.Release|x86.ActiveCfg = Release|Win32
		{B9768E83-9228-4E8F-AF5D-D17E5DD3E5B0}.Release|x86.Build.0 = Release|Win32
		{AEB72F34-7C83-470D-BD13-8DA0C10AD395}.Debug|x64.ActiveCfg = Debug|x64
		{AEB72F34-7C83-470D-BD13-8DA0C10AD395}.Debug|x64.Build.0 = Debug|x64
		{AEB72F34-7C83-470D-BD13-8DA0C10AD395}.Debug|x86.ActiveCfg = Debug|Win32
		{AEB72F34-7C83-470D-BD13-8DA0C10AD395}.Debug|x86.Build.0 = Debug|Win32
		{AEB72F34-7C83-470D-BD13-8DA0C10AD395}.Release|x64.ActiveCfg = Release|x64
		{AEB72F34-7C83-470D-BD13-8DA0C10AD395}.Release|x64.Build.0 = Release|x64
		{AEB72F34-7C83-470D-BD13-8DA0C10AD395}.Release|x86.ActiveCfg = Release|Win32
		{AEB72F34-7C83-470D-BD13-8DA0C10AD395}.Release|x86.Build.0 = Release|Win32
		{DA52E7A5-E325-4486-BA35-417546A9E6DF}.Debug|x64.ActiveCfg = Debug|x64
		{DA52E7A5-E325-4486-BA35-417546A9E6DF}.Debug|x64.Build.0 = Debug|x64
		{DA52E7A5-E325-4486-BA35-417546A9E6DF}.Debug|x86.ActiveCfg = Debug|Win32
		{DA52E7A5-E325-4486-BA35-417546A9E6DF}.Debug|x86.Build.0 = Debug|Win32
		{DA52E7A5-E325-4486-BA35-417546A9E6DF}.Release|x64.ActiveCfg = Release|x64
		{DA52E7A5-E325-4486-BA35-417546A9E6DF}.Release|x64.Build.0 = Release|x64
		{DA52E7A5-E325-4486-BA35-417546A9E6DF}.Release|x86.ActiveCfg = Release|Win32
		{DA52E7A5-E325-4486-BA35-417546A9E6DF}.Release|x86.Build.0 = Release|Win32
		{1B3B3535-C559-4FE6-ADA8-380A10E54123}.Debug|x64.ActiveCfg = Debug|x64
		{1B3B3535-C559-4FE6-ADA8-380A10E54123}.Debug|x64.Build.0 = Debug|x64
		{1B3B3535-C559-4FE6-ADA8-380A10E54123}.Debug|x86.ActiveCfg = Debug|Win32
		{1B3B3535-C559-4FE6-ADA8-380A10E54123}.Debug|x86.Build.0 = Debug|Win32
		{1B3B3535-C559-4FE6-ADA8-380A10E54123}.Release|x64.ActiveCfg = Release|x64
		{1B3B3535-C559-4FE6-ADA8-380A10E54123}.Release|x64.Build.0 = Release|x64
		{1B3B3535-C559-4FE6-ADA8-380A10E54123}.Release|x86.ActiveCfg = Release|Win32
		{1B3B3535-C559-4FE6-ADA8-380A10E54123}.Release|x86.Build.0 = Release|Win32
		{3093D354-08DC-4CF9-9D2A-CAC9D52ACE37}.Debug|x64.ActiveCfg = Debug|Win32
		{3093D354-08DC-4CF9-9D2A-CAC9D52ACE37}.Debug|x86.ActiveCfg = Debug|Win32
		{3093D354-08DC-4CF9-9D2A-CAC9D52ACE37}.Debug|x86.Build.0 = Debug|Win32
		{3093D354-08DC-4CF9-9D2A-CAC9D52ACE37}.Release|x64.ActiveCfg = Release|Win32
		{3093D354-08DC-4CF9-9D2A-CAC9D52ACE37}.Release|x86.ActiveCfg = Release|Win32
		{3093D354-08DC-4CF9-9D2A-CAC9D52ACE37}.Release|x86.Build.0 = Release|Win32
	EndGlobalSection
	GlobalSection(SolutionProperties) = preSolution
		HideSolutionNode = FALSE
	EndGlobalSection
	GlobalSection(ExtensibilityGlobals) = postSolution
		SolutionGuid = {96F5D611-21CB-4148-8B67-64E742FB70CD}
	EndGlobalSection
EndGlobal
